# This file is automatically @generated by Cargo.
# It is not intended for manual editing.
[[package]]
name = "bindings"
version = "0.1.0"
dependencies = [
 "winrt",
]

[[package]]
name = "itoa"
version = "0.4.7"
source = "registry+https://github.com/rust-lang/crates.io-index"
checksum = "dd25036021b0de88a0aff6b850051563c6516d0bf53f8638938edbb9de732736"

[[package]]
name = "proc-macro2"
version = "1.0.24"
source = "registry+https://github.com/rust-lang/crates.io-index"
checksum = "1e0704ee1a7e00d7bb417d0770ea303c1bccbabf0ef1667dae92b5967f5f8a71"
dependencies = [
 "unicode-xid",
]

[[package]]
name = "quote"
version = "1.0.9"
source = "registry+https://github.com/rust-lang/crates.io-index"
checksum = "c3d0b9745dc2debf507c8422de05d7226cc1f0644216dfdfead988f9b1ab32a7"
dependencies = [
 "proc-macro2",
]

[[package]]
name = "ryu"
version = "1.0.5"
source = "registry+https://github.com/rust-lang/crates.io-index"
checksum = "71d301d4193d031abdd79ff7e3dd721168a9572ef3fe51a1517aba235bd8f86e"

[[package]]
name = "sample-rt"
version = "0.1.0"
dependencies = [
 "bindings",
 "winrt",
]

[[package]]
name = "serde"
version = "1.0.123"
source = "registry+https://github.com/rust-lang/crates.io-index"
checksum = "92d5161132722baa40d802cc70b15262b98258453e85e5d1d365c757c73869ae"

[[package]]
name = "serde_json"
version = "1.0.64"
source = "registry+https://github.com/rust-lang/crates.io-index"
checksum = "799e97dc9fdae36a5c8b8f2cae9ce2ee9fdce2058c57a93e6099d919fd982f79"
dependencies = [
 "itoa",
 "ryu",
 "serde",
]

[[package]]
name = "sha1"
version = "0.6.0"
source = "registry+https://github.com/rust-lang/crates.io-index"
checksum = "2579985fda508104f7587689507983eadd6a6e84dd35d6d115361f530916fa0d"

[[package]]
name = "syn"
version = "1.0.60"
source = "registry+https://github.com/rust-lang/crates.io-index"
checksum = "c700597eca8a5a762beb35753ef6b94df201c81cca676604f547495a0d7f0081"
dependencies = [
 "proc-macro2",
 "quote",
 "unicode-xid",
]

[[package]]
name = "unicode-xid"
version = "0.2.1"
source = "registry+https://github.com/rust-lang/crates.io-index"
checksum = "f7fe0bb3479651439c9112f72b6c505038574c9fbb575ed1bf3b797fa39dd564"

[[package]]
name = "winrt"
version = "0.7.2"
source = "registry+https://github.com/rust-lang/crates.io-index"
checksum = "daf62b1e56a9efd6caec59a053450dd9fe5bc3d0dc28a27d3054b85b68db95a4"
dependencies = [
 "sha1",
 "winrt_macros",
]

[[package]]
name = "winrt_gen"
version = "0.7.2"
source = "registry+https://github.com/rust-lang/crates.io-index"
checksum = "f497492d5f30d47cb397c3d5bee37700996822311062a3a609493523ad3bb9ae"
dependencies = [
 "proc-macro2",
 "quote",
 "serde_json",
 "sha1",
 "syn",
 "winrt_gen_macros",
]

[[package]]
name = "winrt_gen_macros"
version = "0.7.2"
source = "registry+https://github.com/rust-lang/crates.io-index"
checksum = "85cd78ebb3f0f35f3d9b7f3272b7afac1904cc3e3f636a0a6e5877d72c78b7d8"
dependencies = [
 "proc-macro2",
 "quote",
 "syn",
]

[[package]]
name = "winrt_macros"
version = "0.7.2"
source = "registry+https://github.com/rust-lang/crates.io-index"
checksum = "d88594f878eee84909a5d20cad8bfef8587f9e1473ce81b74fbbd4b12748d662"
dependencies = [
 "proc-macro2",
 "quote",
 "syn",
 "winrt_gen",
]
